
Microsoft Visual Studio Solution File, Format Version 12.00
# Visual Studio 15
Project("{FAE04EC0-301F-11D3-BF4B-00C04F79EFBC}") = "LogicLayer", "LogicLayer\LogicLayer.csproj", "{9E4EB7FB-6CA9-4A46-878C-E3D34620A1F1}"
EndProject
Project("{FAE04EC0-301F-11D3-BF4B-00C04F79EFBC}") = "DataLayer", "DataLayer\DataLayer.csproj", "{356C9D2A-3A7B-40CB-9ADD-14B507B12402}"
EndProject
Global
	GlobalSection(SolutionConfigurationPlatforms) = preSolution
		Debug|x86 = Debug|x86
		Release|x86 = Release|x86
	EndGlobalSection
	GlobalSection(ProjectConfigurationPlatforms) = postSolution
		{9E4EB7FB-6CA9-4A46-878C-E3D34620A1F1}.Debug|x86.ActiveCfg = Debug|Any CPU
		{9E4EB7FB-6CA9-4A46-878C-E3D34620A1F1}.Debug|x86.Build.0 = Debug|Any CPU
		{9E4EB7FB-6CA9-4A46-878C-E3D34620A1F1}.Release|x86.ActiveCfg = Release|Any CPU
		{9E4EB7FB-6CA9-4A46-878C-E3D34620A1F1}.Release|x86.Build.0 = Release|Any CPU
		{356C9D2A-3A7B-40CB-9ADD-14B507B12402}.Debug|x86.ActiveCfg = Debug|Any CPU
		{356C9D2A-3A7B-40CB-9ADD-14B507B12402}.Debug|x86.Build.0 = Debug|Any CPU
		{356C9D2A-3A7B-40CB-9ADD-14B507B12402}.Release|x86.ActiveCfg = Release|Any CPU
		{356C9D2A-3A7B-40CB-9ADD-14B507B12402}.Release|x86.Build.0 = Release|Any CPU
	EndGlobalSection
EndGlobal
